
Microsoft Visual Studio Solution File, Format Version 12.00
# Visual Studio 15
VisualStudioVersion = 15.0.28307.136
MinimumVisualStudioVersion = 10.0.40219.1
Project("{FAE04EC0-301F-11D3-BF4B-00C04F79EFBC}") = "Aoc", "Aoc.csproj", "{A54DBFD4-1435-4B1E-872B-F95AAC843620}"
EndProject
Global
	GlobalSection(SolutionConfigurationPlatforms) = preSolution
		Debug|Any CPU = Debug|Any CPU
		Release|Any CPU = Release|Any CPU
	EndGlobalSection
	GlobalSection(ProjectConfigurationPlatforms) = postSolution
		{A54DBFD4-1435-4B1E-872B-F95AAC843620}.Debug|Any CPU.ActiveCfg = Debug|Any CPU
		{A54DBFD4-1435-4B1E-872B-F95AAC843620}.Debug|Any CPU.Build.0 = Debug|Any CPU
		{A54DBFD4-1435-4B1E-872B-F95AAC843620}.Release|Any CPU.ActiveCfg = Release|Any CPU
		{A54DBFD4-1435-4B1E-872B-F95AAC843620}.Release|Any CPU.Build.0 = Release|Any CPU
	EndGlobalSection
	GlobalSection(SolutionProperties) = preSolution
		HideSolutionNode = FALSE
	EndGlobalSection
	GlobalSection(ExtensibilityGlobals) = postSolution
		SolutionGuid = {222959BF-A995-453F-B75B-B6228C1298A9}
	EndGlobalSection
EndGlobal
